
Microsoft Visual Studio Solution File, Format Version 12.00
# Visual Studio Version 17
VisualStudioVersion = 17.6.33829.357
MinimumVisualStudioVersion = 10.0.40219.1
Project("{9A19103F-16F7-4668-BE54-9A1E7A4F7556}") = "TaskManager.Api", "TaskManagementApi\TaskManager.Api.csproj", "{879AE6AC-C9B6-4951-B783-CBC8E9158094}"
EndProject
Project("{9A19103F-16F7-4668-BE54-9A1E7A4F7556}") = "TaskManager.BLL", "TaskManagement.BLL\TaskManager.BLL.csproj", "{4A053614-4722-4A95-990D-73EC9800D460}"
EndProject
Project("{9A19103F-16F7-4668-BE54-9A1E7A4F7556}") = "TaskManager.Domain", "TaskManagement.Domain\TaskManager.Domain.csproj", "{D8630CFD-0BF4-4463-B1C4-859CEEC52A97}"
EndProject
Project("{9A19103F-16F7-4668-BE54-9A1E7A4F7556}") = "TaskManager.Infrastructure", "TaskManager.Infrastructure\TaskManager.Infrastructure.csproj", "{0A11B41E-4475-47A6-9BD1-71FC2BF27283}"
EndProject
Project("{FAE04EC0-301F-11D3-BF4B-00C04F79EFBC}") = "TaskManager.Persistence", "TaskManager.Persistence\TaskManager.Persistence.csproj", "{B2E2B135-AA38-4A2C-AB0B-55DA90314E46}"
EndProject
Global
	GlobalSection(SolutionConfigurationPlatforms) = preSolution
		Debug|Any CPU = Debug|Any CPU
		Release|Any CPU = Release|Any CPU
	EndGlobalSection
	GlobalSection(ProjectConfigurationPlatforms) = postSolution
		{879AE6AC-C9B6-4951-B783-CBC8E9158094}.Debug|Any CPU.ActiveCfg = Debug|Any CPU
		{879AE6AC-C9B6-4951-B783-CBC8E9158094}.Debug|Any CPU.Build.0 = Debug|Any CPU
		{879AE6AC-C9B6-4951-B783-CBC8E9158094}.Release|Any CPU.ActiveCfg = Release|Any CPU
		{879AE6AC-C9B6-4951-B783-CBC8E9158094}.Release|Any CPU.Build.0 = Release|Any CPU
		{4A053614-4722-4A95-990D-73EC9800D460}.Debug|Any CPU.ActiveCfg = Debug|Any CPU
		{4A053614-4722-4A95-990D-73EC9800D460}.Debug|Any CPU.Build.0 = Debug|Any CPU
		{4A053614-4722-4A95-990D-73EC9800D460}.Release|Any CPU.ActiveCfg = Release|Any CPU
		{4A053614-4722-4A95-990D-73EC9800D460}.Release|Any CPU.Build.0 = Release|Any CPU
		{D8630CFD-0BF4-4463-B1C4-859CEEC52A97}.Debug|Any CPU.ActiveCfg = Debug|Any CPU
		{D8630CFD-0BF4-4463-B1C4-859CEEC52A97}.Debug|Any CPU.Build.0 = Debug|Any CPU
		{D8630CFD-0BF4-4463-B1C4-859CEEC52A97}.Release|Any CPU.ActiveCfg = Release|Any CPU
		{D8630CFD-0BF4-4463-B1C4-859CEEC52A97}.Release|Any CPU.Build.0 = Release|Any CPU
		{0A11B41E-4475-47A6-9BD1-71FC2BF27283}.Debug|Any CPU.ActiveCfg = Debug|Any CPU
		{0A11B41E-4475-47A6-9BD1-71FC2BF27283}.Debug|Any CPU.Build.0 = Debug|Any CPU
		{0A11B41E-4475-47A6-9BD1-71FC2BF27283}.Release|Any CPU.ActiveCfg = Release|Any CPU
		{0A11B41E-4475-47A6-9BD1-71FC2BF27283}.Release|Any CPU.Build.0 = Release|Any CPU
		{B2E2B135-AA38-4A2C-AB0B-55DA90314E46}.Debug|Any CPU.ActiveCfg = Debug|Any CPU
		{B2E2B135-AA38-4A2C-AB0B-55DA90314E46}.Debug|Any CPU.Build.0 = Debug|Any CPU
		{B2E2B135-AA38-4A2C-AB0B-55DA90314E46}.Release|Any CPU.ActiveCfg = Release|Any CPU
		{B2E2B135-AA38-4A2C-AB0B-55DA90314E46}.Release|Any CPU.Build.0 = Release|Any CPU
	EndGlobalSection
	GlobalSection(SolutionProperties) = preSolution
		HideSolutionNode = FALSE
	EndGlobalSection
	GlobalSection(ExtensibilityGlobals) = postSolution
		SolutionGuid = {EBD1FE03-817F-4662-BA7E-0F9E2249DF48}
	EndGlobalSection
EndGlobal
